
Microsoft Visual Studio Solution File, Format Version 12.00
# Visual Studio 15
Project("{FAE04EC0-301F-11D3-BF4B-00C04F79EFBC}") = "UnityStateMachine", "UnityStateMachine\UnityStateMachine.csproj", "{61AEAF52-1944-4186-94E0-22ED47DCA14C}"
EndProject
Project("{FAE04EC0-301F-11D3-BF4B-00C04F79EFBC}") = "UnityStateMachine.Tests", "UnityStateMachine.Tests\UnityStateMachine.Tests.csproj", "{B8AF182F-D527-4ED5-A97F-B5D42759AE80}"
EndProject
Global
	GlobalSection(SolutionConfigurationPlatforms) = preSolution
		Debug|Any CPU = Debug|Any CPU
		Release|Any CPU = Release|Any CPU
	EndGlobalSection
	GlobalSection(ProjectConfigurationPlatforms) = postSolution
		{61AEAF52-1944-4186-94E0-22ED47DCA14C}.Debug|Any CPU.ActiveCfg = Debug|Any CPU
		{61AEAF52-1944-4186-94E0-22ED47DCA14C}.Debug|Any CPU.Build.0 = Debug|Any CPU
		{61AEAF52-1944-4186-94E0-22ED47DCA14C}.Release|Any CPU.ActiveCfg = Release|Any CPU
		{61AEAF52-1944-4186-94E0-22ED47DCA14C}.Release|Any CPU.Build.0 = Release|Any CPU
		{B8AF182F-D527-4ED5-A97F-B5D42759AE80}.Debug|Any CPU.ActiveCfg = Debug|Any CPU
		{B8AF182F-D527-4ED5-A97F-B5D42759AE80}.Debug|Any CPU.Build.0 = Debug|Any CPU
		{B8AF182F-D527-4ED5-A97F-B5D42759AE80}.Release|Any CPU.ActiveCfg = Release|Any CPU
		{B8AF182F-D527-4ED5-A97F-B5D42759AE80}.Release|Any CPU.Build.0 = Release|Any CPU
	EndGlobalSection
EndGlobal
